
Microsoft Visual Studio Solution File, Format Version 12.00
# Visual Studio Version 17
VisualStudioVersion = 17.1.32328.378
MinimumVisualStudioVersion = 10.0.40219.1
Project("{FAE04EC0-301F-11D3-BF4B-00C04F79EFBC}") = "SignIn", "SignIn\SignIn.csproj", "{3BF139FD-24C3-4CB2-8674-3439B5412EEF}"
EndProject
Global
	GlobalSection(SolutionConfigurationPlatforms) = preSolution
		Debug|Any CPU = Debug|Any CPU
		Release|Any CPU = Release|Any CPU
	EndGlobalSection
	GlobalSection(ProjectConfigurationPlatforms) = postSolution
		{3BF139FD-24C3-4CB2-8674-3439B5412EEF}.Debug|Any CPU.ActiveCfg = Debug|Any CPU
		{3BF139FD-24C3-4CB2-8674-3439B5412EEF}.Debug|Any CPU.Build.0 = Debug|Any CPU
		{3BF139FD-24C3-4CB2-8674-3439B5412EEF}.Release|Any CPU.ActiveCfg = Release|Any CPU
		{3BF139FD-24C3-4CB2-8674-3439B5412EEF}.Release|Any CPU.Build.0 = Release|Any CPU
	EndGlobalSection
	GlobalSection(SolutionProperties) = preSolution
		HideSolutionNode = FALSE
	EndGlobalSection
	GlobalSection(ExtensibilityGlobals) = postSolution
		SolutionGuid = {1FAC7C3C-DBE3-421D-8BDA-FCDF475847BA}
	EndGlobalSection
EndGlobal
