
Microsoft Visual Studio Solution File, Format Version 12.00
# Visual Studio Version 17
VisualStudioVersion = 17.1.32328.378
MinimumVisualStudioVersion = 10.0.40219.1
Project("{FAE04EC0-301F-11D3-BF4B-00C04F79EFBC}") = "FlowersShop", "FlowersShop\FlowersShop.csproj", "{ADB7544B-1B0C-4DD3-9686-79484766EAAB}"
EndProject
Global
	GlobalSection(SolutionConfigurationPlatforms) = preSolution
		Debug|Any CPU = Debug|Any CPU
		Release|Any CPU = Release|Any CPU
	EndGlobalSection
	GlobalSection(ProjectConfigurationPlatforms) = postSolution
		{ADB7544B-1B0C-4DD3-9686-79484766EAAB}.Debug|Any CPU.ActiveCfg = Debug|Any CPU
		{ADB7544B-1B0C-4DD3-9686-79484766EAAB}.Debug|Any CPU.Build.0 = Debug|Any CPU
		{ADB7544B-1B0C-4DD3-9686-79484766EAAB}.Release|Any CPU.ActiveCfg = Release|Any CPU
		{ADB7544B-1B0C-4DD3-9686-79484766EAAB}.Release|Any CPU.Build.0 = Release|Any CPU
	EndGlobalSection
	GlobalSection(SolutionProperties) = preSolution
		HideSolutionNode = FALSE
	EndGlobalSection
	GlobalSection(ExtensibilityGlobals) = postSolution
		SolutionGuid = {44B966D3-8D13-4F2F-BC6F-57054A4743EC}
	EndGlobalSection
EndGlobal
