
Microsoft Visual Studio Solution File, Format Version 12.00
# Visual Studio Version 17
VisualStudioVersion = 17.1.32328.378
MinimumVisualStudioVersion = 10.0.40219.1
Project("{FAE04EC0-301F-11D3-BF4B-00C04F79EFBC}") = "Exam", "Exam\Exam.csproj", "{13728ABF-D30A-44F7-BE10-96AB7891749C}"
EndProject
Global
	GlobalSection(SolutionConfigurationPlatforms) = preSolution
		Debug|Any CPU = Debug|Any CPU
		Release|Any CPU = Release|Any CPU
	EndGlobalSection
	GlobalSection(ProjectConfigurationPlatforms) = postSolution
		{13728ABF-D30A-44F7-BE10-96AB7891749C}.Debug|Any CPU.ActiveCfg = Debug|Any CPU
		{13728ABF-D30A-44F7-BE10-96AB7891749C}.Debug|Any CPU.Build.0 = Debug|Any CPU
		{13728ABF-D30A-44F7-BE10-96AB7891749C}.Release|Any CPU.ActiveCfg = Release|Any CPU
		{13728ABF-D30A-44F7-BE10-96AB7891749C}.Release|Any CPU.Build.0 = Release|Any CPU
	EndGlobalSection
	GlobalSection(SolutionProperties) = preSolution
		HideSolutionNode = FALSE
	EndGlobalSection
	GlobalSection(ExtensibilityGlobals) = postSolution
		SolutionGuid = {8F001563-FEDB-4662-808B-F9A8CF16E2E7}
	EndGlobalSection
EndGlobal
