
Microsoft Visual Studio Solution File, Format Version 12.00
# Visual Studio Version 17
VisualStudioVersion = 17.1.32319.34
MinimumVisualStudioVersion = 10.0.40219.1
Project("{FAE04EC0-301F-11D3-BF4B-00C04F79EFBC}") = "WpfLibrary1", "WpfLibrary1\WpfLibrary1.csproj", "{46A4B75A-DB4B-4D5B-B11F-6007A977C1CA}"
EndProject
Global
	GlobalSection(SolutionConfigurationPlatforms) = preSolution
		Debug|Any CPU = Debug|Any CPU
		Release|Any CPU = Release|Any CPU
	EndGlobalSection
	GlobalSection(ProjectConfigurationPlatforms) = postSolution
		{46A4B75A-DB4B-4D5B-B11F-6007A977C1CA}.Debug|Any CPU.ActiveCfg = Debug|Any CPU
		{46A4B75A-DB4B-4D5B-B11F-6007A977C1CA}.Debug|Any CPU.Build.0 = Debug|Any CPU
		{46A4B75A-DB4B-4D5B-B11F-6007A977C1CA}.Release|Any CPU.ActiveCfg = Release|Any CPU
		{46A4B75A-DB4B-4D5B-B11F-6007A977C1CA}.Release|Any CPU.Build.0 = Release|Any CPU
	EndGlobalSection
	GlobalSection(SolutionProperties) = preSolution
		HideSolutionNode = FALSE
	EndGlobalSection
	GlobalSection(ExtensibilityGlobals) = postSolution
		SolutionGuid = {F72B2DFD-AA14-4EA0-A07C-BC4B8A491306}
	EndGlobalSection
EndGlobal
