
Microsoft Visual Studio Solution File, Format Version 12.00
# Visual Studio Version 17
VisualStudioVersion = 17.1.32328.378
MinimumVisualStudioVersion = 10.0.40219.1
Project("{FAE04EC0-301F-11D3-BF4B-00C04F79EFBC}") = "Karmanova", "Karmanova\Karmanova.csproj", "{C2643654-75AB-4C2C-9832-5DEA3824A1E4}"
EndProject
Global
	GlobalSection(SolutionConfigurationPlatforms) = preSolution
		Debug|Any CPU = Debug|Any CPU
		Release|Any CPU = Release|Any CPU
	EndGlobalSection
	GlobalSection(ProjectConfigurationPlatforms) = postSolution
		{C2643654-75AB-4C2C-9832-5DEA3824A1E4}.Debug|Any CPU.ActiveCfg = Debug|Any CPU
		{C2643654-75AB-4C2C-9832-5DEA3824A1E4}.Debug|Any CPU.Build.0 = Debug|Any CPU
		{C2643654-75AB-4C2C-9832-5DEA3824A1E4}.Release|Any CPU.ActiveCfg = Release|Any CPU
		{C2643654-75AB-4C2C-9832-5DEA3824A1E4}.Release|Any CPU.Build.0 = Release|Any CPU
	EndGlobalSection
	GlobalSection(SolutionProperties) = preSolution
		HideSolutionNode = FALSE
	EndGlobalSection
	GlobalSection(ExtensibilityGlobals) = postSolution
		SolutionGuid = {21D1B07A-8BA8-4D3C-8937-155E022259B3}
	EndGlobalSection
EndGlobal
