
Microsoft Visual Studio Solution File, Format Version 12.00
# Visual Studio Version 17
VisualStudioVersion = 17.1.32328.378
MinimumVisualStudioVersion = 10.0.40219.1
Project("{FAE04EC0-301F-11D3-BF4B-00C04F79EFBC}") = "SellBooks", "SellBooks\SellBooks.csproj", "{D6E053D1-061E-456D-A75D-A5344DEB2049}"
EndProject
Global
	GlobalSection(SolutionConfigurationPlatforms) = preSolution
		Debug|Any CPU = Debug|Any CPU
		Release|Any CPU = Release|Any CPU
	EndGlobalSection
	GlobalSection(ProjectConfigurationPlatforms) = postSolution
		{D6E053D1-061E-456D-A75D-A5344DEB2049}.Debug|Any CPU.ActiveCfg = Debug|Any CPU
		{D6E053D1-061E-456D-A75D-A5344DEB2049}.Debug|Any CPU.Build.0 = Debug|Any CPU
		{D6E053D1-061E-456D-A75D-A5344DEB2049}.Release|Any CPU.ActiveCfg = Release|Any CPU
		{D6E053D1-061E-456D-A75D-A5344DEB2049}.Release|Any CPU.Build.0 = Release|Any CPU
	EndGlobalSection
	GlobalSection(SolutionProperties) = preSolution
		HideSolutionNode = FALSE
	EndGlobalSection
	GlobalSection(ExtensibilityGlobals) = postSolution
		SolutionGuid = {D7F8011D-3254-4D41-95B1-CDB18619F20E}
	EndGlobalSection
EndGlobal
