
Microsoft Visual Studio Solution File, Format Version 12.00
# Visual Studio Version 17
VisualStudioVersion = 17.1.32319.34
MinimumVisualStudioVersion = 10.0.40219.1
Project("{FAE04EC0-301F-11D3-BF4B-00C04F79EFBC}") = "WpfApp1", "WpfApp1\WpfApp1.csproj", "{CAD850C9-A616-4057-A1A4-2E9E1FB32A65}"
EndProject
Global
	GlobalSection(SolutionConfigurationPlatforms) = preSolution
		Debug|Any CPU = Debug|Any CPU
		Release|Any CPU = Release|Any CPU
	EndGlobalSection
	GlobalSection(ProjectConfigurationPlatforms) = postSolution
		{CAD850C9-A616-4057-A1A4-2E9E1FB32A65}.Debug|Any CPU.ActiveCfg = Debug|Any CPU
		{CAD850C9-A616-4057-A1A4-2E9E1FB32A65}.Debug|Any CPU.Build.0 = Debug|Any CPU
		{CAD850C9-A616-4057-A1A4-2E9E1FB32A65}.Release|Any CPU.ActiveCfg = Release|Any CPU
		{CAD850C9-A616-4057-A1A4-2E9E1FB32A65}.Release|Any CPU.Build.0 = Release|Any CPU
	EndGlobalSection
	GlobalSection(SolutionProperties) = preSolution
		HideSolutionNode = FALSE
	EndGlobalSection
	GlobalSection(ExtensibilityGlobals) = postSolution
		SolutionGuid = {4A301242-4820-4017-9FED-429AEDA66C18}
	EndGlobalSection
EndGlobal
