
Microsoft Visual Studio Solution File, Format Version 12.00
# Visual Studio Version 17
VisualStudioVersion = 17.1.32328.378
MinimumVisualStudioVersion = 10.0.40219.1
Project("{FAE04EC0-301F-11D3-BF4B-00C04F79EFBC}") = "qwer", "qwer\qwer.csproj", "{16C356B1-B0FD-4FE4-A7D0-CB27188E9299}"
EndProject
Global
	GlobalSection(SolutionConfigurationPlatforms) = preSolution
		Debug|Any CPU = Debug|Any CPU
		Release|Any CPU = Release|Any CPU
	EndGlobalSection
	GlobalSection(ProjectConfigurationPlatforms) = postSolution
		{16C356B1-B0FD-4FE4-A7D0-CB27188E9299}.Debug|Any CPU.ActiveCfg = Debug|Any CPU
		{16C356B1-B0FD-4FE4-A7D0-CB27188E9299}.Debug|Any CPU.Build.0 = Debug|Any CPU
		{16C356B1-B0FD-4FE4-A7D0-CB27188E9299}.Release|Any CPU.ActiveCfg = Release|Any CPU
		{16C356B1-B0FD-4FE4-A7D0-CB27188E9299}.Release|Any CPU.Build.0 = Release|Any CPU
	EndGlobalSection
	GlobalSection(SolutionProperties) = preSolution
		HideSolutionNode = FALSE
	EndGlobalSection
	GlobalSection(ExtensibilityGlobals) = postSolution
		SolutionGuid = {15DB92C8-AEB0-4C16-B34B-48A91F632BE7}
	EndGlobalSection
EndGlobal
